// !$*UTF8*$!
{
	archiveVersion = 1;
	classes = {
	};
	objectVersion = 55;
	objects = {

/* Begin PBXBuildFile section */
		12038D3D28D264A4005D6DD7 /* ListToBuyTopView.swift in Sources */ = {isa = PBXBuildFile; fileRef = 12038D3C28D264A4005D6DD7 /* ListToBuyTopView.swift */; };
		12038D3F28D26ABA005D6DD7 /* ListToBuyTableViewCell.swift in Sources */ = {isa = PBXBuildFile; fileRef = 12038D3E28D26ABA005D6DD7 /* ListToBuyTableViewCell.swift */; };
		12038D4228D27998005D6DD7 /* ItemDetailViewController.swift in Sources */ = {isa = PBXBuildFile; fileRef = 12038D4128D27998005D6DD7 /* ItemDetailViewController.swift */; };
		12038D4428D27A33005D6DD7 /* ItemDetailTopView.swift in Sources */ = {isa = PBXBuildFile; fileRef = 12038D4328D27A33005D6DD7 /* ItemDetailTopView.swift */; };
		120AAC9128D3E664000B3E8B /* ProjectColor.swift in Sources */ = {isa = PBXBuildFile; fileRef = 120AAC9028D3E664000B3E8B /* ProjectColor.swift */; };
		120AAC9328D3F5DC000B3E8B /* ProfileViewController.swift in Sources */ = {isa = PBXBuildFile; fileRef = 120AAC9228D3F5DC000B3E8B /* ProfileViewController.swift */; };
		120AAC9528D4090E000B3E8B /* ItemDetailTableViewCell.swift in Sources */ = {isa = PBXBuildFile; fileRef = 120AAC9428D4090E000B3E8B /* ItemDetailTableViewCell.swift */; };
		120AAC9728D40BF7000B3E8B /* ItemDetailPageView.swift in Sources */ = {isa = PBXBuildFile; fileRef = 120AAC9628D40BF7000B3E8B /* ItemDetailPageView.swift */; };
		120AAC9928D40D89000B3E8B /* ItemDetailPageViewController.swift in Sources */ = {isa = PBXBuildFile; fileRef = 120AAC9828D40D89000B3E8B /* ItemDetailPageViewController.swift */; };
		1222B27328D20F6A0051210B /* BaseTableViewCell.swift in Sources */ = {isa = PBXBuildFile; fileRef = 1222B27228D20F6A0051210B /* BaseTableViewCell.swift */; };
		1222B27528D20FCB0051210B /* MainTableViewCell.swift in Sources */ = {isa = PBXBuildFile; fileRef = 1222B27428D20FCB0051210B /* MainTableViewCell.swift */; };
		1222B27728D2190D0051210B /* SettingTopView.swift in Sources */ = {isa = PBXBuildFile; fileRef = 1222B27628D2190D0051210B /* SettingTopView.swift */; };
		1222B27928D21C010051210B /* SettingTableViewCell.swift in Sources */ = {isa = PBXBuildFile; fileRef = 1222B27828D21C010051210B /* SettingTableViewCell.swift */; };
		1235FC0828DC145700531AFF /* BaseTableViewHeaderFooterView.swift in Sources */ = {isa = PBXBuildFile; fileRef = 1235FC0728DC145700531AFF /* BaseTableViewHeaderFooterView.swift */; };
		1235FC0A28DC150700531AFF /* ItemDetailTableHeaderView.swift in Sources */ = {isa = PBXBuildFile; fileRef = 1235FC0928DC150700531AFF /* ItemDetailTableHeaderView.swift */; };
		1245C28428DA21A4003449D2 /* AddItemViewController.swift in Sources */ = {isa = PBXBuildFile; fileRef = 1245C28328DA21A4003449D2 /* AddItemViewController.swift */; };
		1245C28B28DA2D4A003449D2 /* AddItemTopView.swift in Sources */ = {isa = PBXBuildFile; fileRef = 1245C28A28DA2D4A003449D2 /* AddItemTopView.swift */; };
		1245C28F28DA47EC003449D2 /* AddItemTableViewCell1.swift in Sources */ = {isa = PBXBuildFile; fileRef = 1245C28E28DA47EC003449D2 /* AddItemTableViewCell1.swift */; };
		1245C29128DA47F6003449D2 /* AddItemTableViewCell2.swift in Sources */ = {isa = PBXBuildFile; fileRef = 1245C29028DA47F6003449D2 /* AddItemTableViewCell2.swift */; };
		1245C29328DA47FD003449D2 /* AddItemTableViewCell3.swift in Sources */ = {isa = PBXBuildFile; fileRef = 1245C29228DA47FD003449D2 /* AddItemTableViewCell3.swift */; };
		1245C29928DA5777003449D2 /* Group.swift in Sources */ = {isa = PBXBuildFile; fileRef = 1245C29828DA5777003449D2 /* Group.swift */; };
		1245C29B28DA5898003449D2 /* GroupRepository.swift in Sources */ = {isa = PBXBuildFile; fileRef = 1245C29A28DA5898003449D2 /* GroupRepository.swift */; };
		124F681C28D61F1300FFC9C2 /* Realm in Frameworks */ = {isa = PBXBuildFile; productRef = 124F681B28D61F1300FFC9C2 /* Realm */; };
		124F681E28D61F1300FFC9C2 /* RealmSwift in Frameworks */ = {isa = PBXBuildFile; productRef = 124F681D28D61F1300FFC9C2 /* RealmSwift */; };
		124F682128D61FB500FFC9C2 /* Item.swift in Sources */ = {isa = PBXBuildFile; fileRef = 124F682028D61FB500FFC9C2 /* Item.swift */; };
		124F682328D6219300FFC9C2 /* ItemRepository.swift in Sources */ = {isa = PBXBuildFile; fileRef = 124F682228D6219300FFC9C2 /* ItemRepository.swift */; };
		125D8E0728DE188C000EC37A /* CheckBoxButton.swift in Sources */ = {isa = PBXBuildFile; fileRef = 125D8E0628DE188C000EC37A /* CheckBoxButton.swift */; };
		12767FA628D7419700E4D58F /* Toast in Frameworks */ = {isa = PBXBuildFile; productRef = 12767FA528D7419700E4D58F /* Toast */; };
		12767FAE28D74D2900E4D58F /* StoreItemToBuyViewController.swift in Sources */ = {isa = PBXBuildFile; fileRef = 12767FAD28D74D2900E4D58F /* StoreItemToBuyViewController.swift */; };
		12767FB028D777B500E4D58F /* StoreItemTableViewCell2.swift in Sources */ = {isa = PBXBuildFile; fileRef = 12767FAF28D777B500E4D58F /* StoreItemTableViewCell2.swift */; };
		128D435A28D0F1AE003C86BA /* AppDelegate.swift in Sources */ = {isa = PBXBuildFile; fileRef = 128D435928D0F1AE003C86BA /* AppDelegate.swift */; };
		128D435C28D0F1AE003C86BA /* SceneDelegate.swift in Sources */ = {isa = PBXBuildFile; fileRef = 128D435B28D0F1AE003C86BA /* SceneDelegate.swift */; };
		128D435E28D0F1AE003C86BA /* ViewController.swift in Sources */ = {isa = PBXBuildFile; fileRef = 128D435D28D0F1AE003C86BA /* ViewController.swift */; };
		128D436128D0F1AE003C86BA /* Main.storyboard in Resources */ = {isa = PBXBuildFile; fileRef = 128D435F28D0F1AE003C86BA /* Main.storyboard */; };
		128D436328D0F1B0003C86BA /* Assets.xcassets in Resources */ = {isa = PBXBuildFile; fileRef = 128D436228D0F1B0003C86BA /* Assets.xcassets */; };
		128D436628D0F1B0003C86BA /* LaunchScreen.storyboard in Resources */ = {isa = PBXBuildFile; fileRef = 128D436428D0F1B0003C86BA /* LaunchScreen.storyboard */; };
		128D436F28D0F5B5003C86BA /* BaseViewController.swift in Sources */ = {isa = PBXBuildFile; fileRef = 128D436E28D0F5B5003C86BA /* BaseViewController.swift */; };
		128D437528D0F929003C86BA /* BaseView.swift in Sources */ = {isa = PBXBuildFile; fileRef = 128D437428D0F929003C86BA /* BaseView.swift */; };
		128D437728D0F9A6003C86BA /* MainViewController.swift in Sources */ = {isa = PBXBuildFile; fileRef = 128D437628D0F9A6003C86BA /* MainViewController.swift */; };
		128D437E28D0FCB2003C86BA /* MainTopView.swift in Sources */ = {isa = PBXBuildFile; fileRef = 128D437D28D0FCB2003C86BA /* MainTopView.swift */; };
		128D438128D11875003C86BA /* SnapKit in Frameworks */ = {isa = PBXBuildFile; productRef = 128D438028D11875003C86BA /* SnapKit */; };
		128D438828D11CBB003C86BA /* SettingViewController.swift in Sources */ = {isa = PBXBuildFile; fileRef = 128D438728D11CBB003C86BA /* SettingViewController.swift */; };
		128D438A28D11CDC003C86BA /* ListToBuyViewController.swift in Sources */ = {isa = PBXBuildFile; fileRef = 128D438928D11CDC003C86BA /* ListToBuyViewController.swift */; };
		128D438D28D11E0F003C86BA /* TabBarController.swift in Sources */ = {isa = PBXBuildFile; fileRef = 128D438C28D11E0F003C86BA /* TabBarController.swift */; };
		12C6C1B428D7D04800606FDD /* Pods_YourCloset.framework in Frameworks */ = {isa = PBXBuildFile; fileRef = D3CA9D1F062F8230F453F179 /* Pods_YourCloset.framework */; };
		12C6C1B528D7D04800606FDD /* Pods_YourCloset.framework in Embed Frameworks */ = {isa = PBXBuildFile; fileRef = D3CA9D1F062F8230F453F179 /* Pods_YourCloset.framework */; settings = {ATTRIBUTES = (RemoveHeadersOnCopy, ); }; };
		12C6C1B728D7D90000606FDD /* StoreItemTableViewCell1.swift in Sources */ = {isa = PBXBuildFile; fileRef = 12C6C1B628D7D90000606FDD /* StoreItemTableViewCell1.swift */; };
		12C6C1B928D7DCD000606FDD /* DropDownView.swift in Sources */ = {isa = PBXBuildFile; fileRef = 12C6C1B828D7DCD000606FDD /* DropDownView.swift */; };
		12CF538728D8EA5D001BF159 /* AddGroupViewController.swift in Sources */ = {isa = PBXBuildFile; fileRef = 12CF538628D8EA5D001BF159 /* AddGroupViewController.swift */; };
		12CF538928D8EA77001BF159 /* AddGroupView.swift in Sources */ = {isa = PBXBuildFile; fileRef = 12CF538828D8EA77001BF159 /* AddGroupView.swift */; };
/* End PBXBuildFile section */

/* Begin PBXCopyFilesBuildPhase section */
		128D438528D118CB003C86BA /* Embed Frameworks */ = {
			isa = PBXCopyFilesBuildPhase;
			buildActionMask = 2147483647;
			dstPath = "";
			dstSubfolderSpec = 10;
			files = (
				12C6C1B528D7D04800606FDD /* Pods_YourCloset.framework in Embed Frameworks */,
			);
			name = "Embed Frameworks";
			runOnlyForDeploymentPostprocessing = 0;
		};
/* End PBXCopyFilesBuildPhase section */

/* Begin PBXFileReference section */
		12038D3C28D264A4005D6DD7 /* ListToBuyTopView.swift */ = {isa = PBXFileReference; lastKnownFileType = sourcecode.swift; path = ListToBuyTopView.swift; sourceTree = "<group>"; };
		12038D3E28D26ABA005D6DD7 /* ListToBuyTableViewCell.swift */ = {isa = PBXFileReference; lastKnownFileType = sourcecode.swift; path = ListToBuyTableViewCell.swift; sourceTree = "<group>"; };
		12038D4128D27998005D6DD7 /* ItemDetailViewController.swift */ = {isa = PBXFileReference; lastKnownFileType = sourcecode.swift; path = ItemDetailViewController.swift; sourceTree = "<group>"; };
		12038D4328D27A33005D6DD7 /* ItemDetailTopView.swift */ = {isa = PBXFileReference; lastKnownFileType = sourcecode.swift; path = ItemDetailTopView.swift; sourceTree = "<group>"; };
		120AAC9028D3E664000B3E8B /* ProjectColor.swift */ = {isa = PBXFileReference; lastKnownFileType = sourcecode.swift; path = ProjectColor.swift; sourceTree = "<group>"; };
		120AAC9228D3F5DC000B3E8B /* ProfileViewController.swift */ = {isa = PBXFileReference; lastKnownFileType = sourcecode.swift; path = ProfileViewController.swift; sourceTree = "<group>"; };
		120AAC9428D4090E000B3E8B /* ItemDetailTableViewCell.swift */ = {isa = PBXFileReference; lastKnownFileType = sourcecode.swift; path = ItemDetailTableViewCell.swift; sourceTree = "<group>"; };
		120AAC9628D40BF7000B3E8B /* ItemDetailPageView.swift */ = {isa = PBXFileReference; lastKnownFileType = sourcecode.swift; path = ItemDetailPageView.swift; sourceTree = "<group>"; };
		120AAC9828D40D89000B3E8B /* ItemDetailPageViewController.swift */ = {isa = PBXFileReference; lastKnownFileType = sourcecode.swift; path = ItemDetailPageViewController.swift; sourceTree = "<group>"; };
		1222B27228D20F6A0051210B /* BaseTableViewCell.swift */ = {isa = PBXFileReference; lastKnownFileType = sourcecode.swift; path = BaseTableViewCell.swift; sourceTree = "<group>"; };
		1222B27428D20FCB0051210B /* MainTableViewCell.swift */ = {isa = PBXFileReference; lastKnownFileType = sourcecode.swift; path = MainTableViewCell.swift; sourceTree = "<group>"; };
		1222B27628D2190D0051210B /* SettingTopView.swift */ = {isa = PBXFileReference; lastKnownFileType = sourcecode.swift; path = SettingTopView.swift; sourceTree = "<group>"; };
		1222B27828D21C010051210B /* SettingTableViewCell.swift */ = {isa = PBXFileReference; lastKnownFileType = sourcecode.swift; path = SettingTableViewCell.swift; sourceTree = "<group>"; };
		1235FC0728DC145700531AFF /* BaseTableViewHeaderFooterView.swift */ = {isa = PBXFileReference; lastKnownFileType = sourcecode.swift; path = BaseTableViewHeaderFooterView.swift; sourceTree = "<group>"; };
		1235FC0928DC150700531AFF /* ItemDetailTableHeaderView.swift */ = {isa = PBXFileReference; lastKnownFileType = sourcecode.swift; path = ItemDetailTableHeaderView.swift; sourceTree = "<group>"; };
		1245C28328DA21A4003449D2 /* AddItemViewController.swift */ = {isa = PBXFileReference; lastKnownFileType = sourcecode.swift; path = AddItemViewController.swift; sourceTree = "<group>"; };
		1245C28A28DA2D4A003449D2 /* AddItemTopView.swift */ = {isa = PBXFileReference; lastKnownFileType = sourcecode.swift; path = AddItemTopView.swift; sourceTree = "<group>"; };
		1245C28E28DA47EC003449D2 /* AddItemTableViewCell1.swift */ = {isa = PBXFileReference; lastKnownFileType = sourcecode.swift; path = AddItemTableViewCell1.swift; sourceTree = "<group>"; };
		1245C29028DA47F6003449D2 /* AddItemTableViewCell2.swift */ = {isa = PBXFileReference; lastKnownFileType = sourcecode.swift; path = AddItemTableViewCell2.swift; sourceTree = "<group>"; };
		1245C29228DA47FD003449D2 /* AddItemTableViewCell3.swift */ = {isa = PBXFileReference; lastKnownFileType = sourcecode.swift; path = AddItemTableViewCell3.swift; sourceTree = "<group>"; };
		1245C29828DA5777003449D2 /* Group.swift */ = {isa = PBXFileReference; lastKnownFileType = sourcecode.swift; path = Group.swift; sourceTree = "<group>"; };
		1245C29A28DA5898003449D2 /* GroupRepository.swift */ = {isa = PBXFileReference; lastKnownFileType = sourcecode.swift; path = GroupRepository.swift; sourceTree = "<group>"; };
		124F682028D61FB500FFC9C2 /* Item.swift */ = {isa = PBXFileReference; lastKnownFileType = sourcecode.swift; path = Item.swift; sourceTree = "<group>"; };
		124F682228D6219300FFC9C2 /* ItemRepository.swift */ = {isa = PBXFileReference; lastKnownFileType = sourcecode.swift; path = ItemRepository.swift; sourceTree = "<group>"; };
		125D8E0628DE188C000EC37A /* CheckBoxButton.swift */ = {isa = PBXFileReference; lastKnownFileType = sourcecode.swift; path = CheckBoxButton.swift; sourceTree = "<group>"; };
		12767FAD28D74D2900E4D58F /* StoreItemToBuyViewController.swift */ = {isa = PBXFileReference; lastKnownFileType = sourcecode.swift; path = StoreItemToBuyViewController.swift; sourceTree = "<group>"; };
		12767FAF28D777B500E4D58F /* StoreItemTableViewCell2.swift */ = {isa = PBXFileReference; lastKnownFileType = sourcecode.swift; path = StoreItemTableViewCell2.swift; sourceTree = "<group>"; };
		128D435628D0F1AE003C86BA /* YourCloset.app */ = {isa = PBXFileReference; explicitFileType = wrapper.application; includeInIndex = 0; path = YourCloset.app; sourceTree = BUILT_PRODUCTS_DIR; };
		128D435928D0F1AE003C86BA /* AppDelegate.swift */ = {isa = PBXFileReference; lastKnownFileType = sourcecode.swift; path = AppDelegate.swift; sourceTree = "<group>"; };
		128D435B28D0F1AE003C86BA /* SceneDelegate.swift */ = {isa = PBXFileReference; lastKnownFileType = sourcecode.swift; path = SceneDelegate.swift; sourceTree = "<group>"; };
		128D435D28D0F1AE003C86BA /* ViewController.swift */ = {isa = PBXFileReference; lastKnownFileType = sourcecode.swift; path = ViewController.swift; sourceTree = "<group>"; };
		128D436028D0F1AE003C86BA /* Base */ = {isa = PBXFileReference; lastKnownFileType = file.storyboard; name = Base; path = Base.lproj/Main.storyboard; sourceTree = "<group>"; };
		128D436228D0F1B0003C86BA /* Assets.xcassets */ = {isa = PBXFileReference; lastKnownFileType = folder.assetcatalog; path = Assets.xcassets; sourceTree = "<group>"; };
		128D436528D0F1B0003C86BA /* Base */ = {isa = PBXFileReference; lastKnownFileType = file.storyboard; name = Base; path = Base.lproj/LaunchScreen.storyboard; sourceTree = "<group>"; };
		128D436728D0F1B0003C86BA /* Info.plist */ = {isa = PBXFileReference; lastKnownFileType = text.plist.xml; path = Info.plist; sourceTree = "<group>"; };
		128D436E28D0F5B5003C86BA /* BaseViewController.swift */ = {isa = PBXFileReference; lastKnownFileType = sourcecode.swift; path = BaseViewController.swift; sourceTree = "<group>"; };
		128D437428D0F929003C86BA /* BaseView.swift */ = {isa = PBXFileReference; lastKnownFileType = sourcecode.swift; path = BaseView.swift; sourceTree = "<group>"; };
		128D437628D0F9A6003C86BA /* MainViewController.swift */ = {isa = PBXFileReference; lastKnownFileType = sourcecode.swift; path = MainViewController.swift; sourceTree = "<group>"; };
		128D437D28D0FCB2003C86BA /* MainTopView.swift */ = {isa = PBXFileReference; lastKnownFileType = sourcecode.swift; path = MainTopView.swift; sourceTree = "<group>"; };
		128D438728D11CBB003C86BA /* SettingViewController.swift */ = {isa = PBXFileReference; lastKnownFileType = sourcecode.swift; path = SettingViewController.swift; sourceTree = "<group>"; };
		128D438928D11CDC003C86BA /* ListToBuyViewController.swift */ = {isa = PBXFileReference; lastKnownFileType = sourcecode.swift; path = ListToBuyViewController.swift; sourceTree = "<group>"; };
		128D438C28D11E0F003C86BA /* TabBarController.swift */ = {isa = PBXFileReference; lastKnownFileType = sourcecode.swift; path = TabBarController.swift; sourceTree = "<group>"; };
		12C6C1B628D7D90000606FDD /* StoreItemTableViewCell1.swift */ = {isa = PBXFileReference; lastKnownFileType = sourcecode.swift; path = StoreItemTableViewCell1.swift; sourceTree = "<group>"; };
		12C6C1B828D7DCD000606FDD /* DropDownView.swift */ = {isa = PBXFileReference; lastKnownFileType = sourcecode.swift; path = DropDownView.swift; sourceTree = "<group>"; };
		12CF538628D8EA5D001BF159 /* AddGroupViewController.swift */ = {isa = PBXFileReference; lastKnownFileType = sourcecode.swift; path = AddGroupViewController.swift; sourceTree = "<group>"; };
		12CF538828D8EA77001BF159 /* AddGroupView.swift */ = {isa = PBXFileReference; lastKnownFileType = sourcecode.swift; path = AddGroupView.swift; sourceTree = "<group>"; };
		19D1FAD9E17930F241E75AEF /* Pods-YourCloset.debug.xcconfig */ = {isa = PBXFileReference; includeInIndex = 1; lastKnownFileType = text.xcconfig; name = "Pods-YourCloset.debug.xcconfig"; path = "Target Support Files/Pods-YourCloset/Pods-YourCloset.debug.xcconfig"; sourceTree = "<group>"; };
		7FF4E97C996567F681BA36D7 /* Pods-YourCloset.release.xcconfig */ = {isa = PBXFileReference; includeInIndex = 1; lastKnownFileType = text.xcconfig; name = "Pods-YourCloset.release.xcconfig"; path = "Target Support Files/Pods-YourCloset/Pods-YourCloset.release.xcconfig"; sourceTree = "<group>"; };
		D3CA9D1F062F8230F453F179 /* Pods_YourCloset.framework */ = {isa = PBXFileReference; explicitFileType = wrapper.framework; includeInIndex = 0; path = Pods_YourCloset.framework; sourceTree = BUILT_PRODUCTS_DIR; };
/* End PBXFileReference section */

/* Begin PBXFrameworksBuildPhase section */
		128D435328D0F1AE003C86BA /* Frameworks */ = {
			isa = PBXFrameworksBuildPhase;
			buildActionMask = 2147483647;
			files = (
				12767FA628D7419700E4D58F /* Toast in Frameworks */,
				124F681E28D61F1300FFC9C2 /* RealmSwift in Frameworks */,
				124F681C28D61F1300FFC9C2 /* Realm in Frameworks */,
				128D438128D11875003C86BA /* SnapKit in Frameworks */,
				12C6C1B428D7D04800606FDD /* Pods_YourCloset.framework in Frameworks */,
			);
			runOnlyForDeploymentPostprocessing = 0;
		};
/* End PBXFrameworksBuildPhase section */

/* Begin PBXGroup section */
		12038D4028D27936005D6DD7 /* ItemDetailScreen */ = {
			isa = PBXGroup;
			children = (
				1245C29528DA482D003449D2 /* AddItemScreen */,
				1245C29428DA4810003449D2 /* AddGroupScreen */,
				12038D4128D27998005D6DD7 /* ItemDetailViewController.swift */,
				12038D4328D27A33005D6DD7 /* ItemDetailTopView.swift */,
				120AAC9428D4090E000B3E8B /* ItemDetailTableViewCell.swift */,
				1235FC0928DC150700531AFF /* ItemDetailTableHeaderView.swift */,
				120AAC9828D40D89000B3E8B /* ItemDetailPageViewController.swift */,
				120AAC9628D40BF7000B3E8B /* ItemDetailPageView.swift */,
			);
			path = ItemDetailScreen;
			sourceTree = "<group>";
		};
		1245C29428DA4810003449D2 /* AddGroupScreen */ = {
			isa = PBXGroup;
			children = (
				12CF538628D8EA5D001BF159 /* AddGroupViewController.swift */,
				12CF538828D8EA77001BF159 /* AddGroupView.swift */,
			);
			path = AddGroupScreen;
			sourceTree = "<group>";
		};
		1245C29528DA482D003449D2 /* AddItemScreen */ = {
			isa = PBXGroup;
			children = (
				1245C28328DA21A4003449D2 /* AddItemViewController.swift */,
				1245C28A28DA2D4A003449D2 /* AddItemTopView.swift */,
				1245C28E28DA47EC003449D2 /* AddItemTableViewCell1.swift */,
				1245C29028DA47F6003449D2 /* AddItemTableViewCell2.swift */,
				1245C29228DA47FD003449D2 /* AddItemTableViewCell3.swift */,
			);
			path = AddItemScreen;
			sourceTree = "<group>";
		};
		1245C29628DA485B003449D2 /* StoreItemScreen */ = {
			isa = PBXGroup;
			children = (
				12767FAD28D74D2900E4D58F /* StoreItemToBuyViewController.swift */,
				12C6C1B628D7D90000606FDD /* StoreItemTableViewCell1.swift */,
				12767FAF28D777B500E4D58F /* StoreItemTableViewCell2.swift */,
			);
			path = StoreItemScreen;
			sourceTree = "<group>";
		};
		1245C29728DA4884003449D2 /* DropDown */ = {
			isa = PBXGroup;
			children = (
				12C6C1B828D7DCD000606FDD /* DropDownView.swift */,
			);
			path = DropDown;
			sourceTree = "<group>";
		};
		124F681F28D61F6B00FFC9C2 /* Realm */ = {
			isa = PBXGroup;
			children = (
				124F682028D61FB500FFC9C2 /* Item.swift */,
				124F682228D6219300FFC9C2 /* ItemRepository.swift */,
				1245C29828DA5777003449D2 /* Group.swift */,
				1245C29A28DA5898003449D2 /* GroupRepository.swift */,
			);
			path = Realm;
			sourceTree = "<group>";
		};
		128D434D28D0F1AE003C86BA = {
			isa = PBXGroup;
			children = (
				128D435828D0F1AE003C86BA /* YourCloset */,
				128D435728D0F1AE003C86BA /* Products */,
				F37DDBEAA6B21458F0AF6AE3 /* Pods */,
				32BA7899BAA80A5277116C19 /* Frameworks */,
			);
			sourceTree = "<group>";
		};
		128D435728D0F1AE003C86BA /* Products */ = {
			isa = PBXGroup;
			children = (
				128D435628D0F1AE003C86BA /* YourCloset.app */,
			);
			name = Products;
			sourceTree = "<group>";
		};
		128D435828D0F1AE003C86BA /* YourCloset */ = {
			isa = PBXGroup;
			children = (
				1245C29728DA4884003449D2 /* DropDown */,
				124F681F28D61F6B00FFC9C2 /* Realm */,
				128D437028D0F76A003C86BA /* MainScreen */,
				128D437228D0F7AD003C86BA /* ListToBuyScreen */,
				128D437328D0F847003C86BA /* SettingScreen */,
				12038D4028D27936005D6DD7 /* ItemDetailScreen */,
				128D436D28D0F594003C86BA /* Base */,
				128D435928D0F1AE003C86BA /* AppDelegate.swift */,
				128D435B28D0F1AE003C86BA /* SceneDelegate.swift */,
				128D435D28D0F1AE003C86BA /* ViewController.swift */,
				128D435F28D0F1AE003C86BA /* Main.storyboard */,
				128D436228D0F1B0003C86BA /* Assets.xcassets */,
				128D436428D0F1B0003C86BA /* LaunchScreen.storyboard */,
				128D436728D0F1B0003C86BA /* Info.plist */,
				128D438C28D11E0F003C86BA /* TabBarController.swift */,
				120AAC9028D3E664000B3E8B /* ProjectColor.swift */,
			);
			path = YourCloset;
			sourceTree = "<group>";
		};
		128D436D28D0F594003C86BA /* Base */ = {
			isa = PBXGroup;
			children = (
				128D436E28D0F5B5003C86BA /* BaseViewController.swift */,
				128D437428D0F929003C86BA /* BaseView.swift */,
				1222B27228D20F6A0051210B /* BaseTableViewCell.swift */,
				1235FC0728DC145700531AFF /* BaseTableViewHeaderFooterView.swift */,
			);
			path = Base;
			sourceTree = "<group>";
		};
		128D437028D0F76A003C86BA /* MainScreen */ = {
			isa = PBXGroup;
			children = (
				128D437628D0F9A6003C86BA /* MainViewController.swift */,
				128D437D28D0FCB2003C86BA /* MainTopView.swift */,
				1222B27428D20FCB0051210B /* MainTableViewCell.swift */,
			);
			path = MainScreen;
			sourceTree = "<group>";
		};
		128D437228D0F7AD003C86BA /* ListToBuyScreen */ = {
			isa = PBXGroup;
			children = (
				1245C29628DA485B003449D2 /* StoreItemScreen */,
				128D438928D11CDC003C86BA /* ListToBuyViewController.swift */,
				12038D3C28D264A4005D6DD7 /* ListToBuyTopView.swift */,
				12038D3E28D26ABA005D6DD7 /* ListToBuyTableViewCell.swift */,
				125D8E0628DE188C000EC37A /* CheckBoxButton.swift */,
			);
			path = ListToBuyScreen;
			sourceTree = "<group>";
		};
		128D437328D0F847003C86BA /* SettingScreen */ = {
			isa = PBXGroup;
			children = (
				128D438728D11CBB003C86BA /* SettingViewController.swift */,
				1222B27628D2190D0051210B /* SettingTopView.swift */,
				1222B27828D21C010051210B /* SettingTableViewCell.swift */,
				120AAC9228D3F5DC000B3E8B /* ProfileViewController.swift */,
			);
			path = SettingScreen;
			sourceTree = "<group>";
		};
		32BA7899BAA80A5277116C19 /* Frameworks */ = {
			isa = PBXGroup;
			children = (
				D3CA9D1F062F8230F453F179 /* Pods_YourCloset.framework */,
			);
			name = Frameworks;
			sourceTree = "<group>";
		};
		F37DDBEAA6B21458F0AF6AE3 /* Pods */ = {
			isa = PBXGroup;
			children = (
				19D1FAD9E17930F241E75AEF /* Pods-YourCloset.debug.xcconfig */,
				7FF4E97C996567F681BA36D7 /* Pods-YourCloset.release.xcconfig */,
			);
			path = Pods;
			sourceTree = "<group>";
		};
/* End PBXGroup section */

/* Begin PBXNativeTarget section */
		128D435528D0F1AE003C86BA /* YourCloset */ = {
			isa = PBXNativeTarget;
			buildConfigurationList = 128D436A28D0F1B0003C86BA /* Build configuration list for PBXNativeTarget "YourCloset" */;
			buildPhases = (
				497781D046F8E7CE62443670 /* [CP] Check Pods Manifest.lock */,
				128D435228D0F1AE003C86BA /* Sources */,
				128D435328D0F1AE003C86BA /* Frameworks */,
				128D435428D0F1AE003C86BA /* Resources */,
				128D438528D118CB003C86BA /* Embed Frameworks */,
				2DC75DD34C78772983E2816F /* [CP] Embed Pods Frameworks */,
			);
			buildRules = (
			);
			dependencies = (
			);
			name = YourCloset;
			packageProductDependencies = (
				128D438028D11875003C86BA /* SnapKit */,
				124F681B28D61F1300FFC9C2 /* Realm */,
				124F681D28D61F1300FFC9C2 /* RealmSwift */,
				12767FA528D7419700E4D58F /* Toast */,
			);
			productName = YourCloset;
			productReference = 128D435628D0F1AE003C86BA /* YourCloset.app */;
			productType = "com.apple.product-type.application";
		};
/* End PBXNativeTarget section */

/* Begin PBXProject section */
		128D434E28D0F1AE003C86BA /* Project object */ = {
			isa = PBXProject;
			attributes = {
				BuildIndependentTargetsInParallel = 1;
				LastSwiftUpdateCheck = 1340;
				LastUpgradeCheck = 1340;
				TargetAttributes = {
					128D435528D0F1AE003C86BA = {
						CreatedOnToolsVersion = 13.4.1;
					};
				};
			};
			buildConfigurationList = 128D435128D0F1AE003C86BA /* Build configuration list for PBXProject "YourCloset" */;
			compatibilityVersion = "Xcode 13.0";
			developmentRegion = en;
			hasScannedForEncodings = 0;
			knownRegions = (
				en,
				Base,
			);
			mainGroup = 128D434D28D0F1AE003C86BA;
			packageReferences = (
				128D437F28D11875003C86BA /* XCRemoteSwiftPackageReference "SnapKit" */,
				124F681A28D61F1300FFC9C2 /* XCRemoteSwiftPackageReference "realm-swift" */,
				12767FA428D7419700E4D58F /* XCRemoteSwiftPackageReference "Toast-Swift" */,
			);
			productRefGroup = 128D435728D0F1AE003C86BA /* Products */;
			projectDirPath = "";
			projectRoot = "";
			targets = (
				128D435528D0F1AE003C86BA /* YourCloset */,
			);
		};
/* End PBXProject section */

/* Begin PBXResourcesBuildPhase section */
		128D435428D0F1AE003C86BA /* Resources */ = {
			isa = PBXResourcesBuildPhase;
			buildActionMask = 2147483647;
			files = (
				128D436628D0F1B0003C86BA /* LaunchScreen.storyboard in Resources */,
				128D436328D0F1B0003C86BA /* Assets.xcassets in Resources */,
				128D436128D0F1AE003C86BA /* Main.storyboard in Resources */,
			);
			runOnlyForDeploymentPostprocessing = 0;
		};
/* End PBXResourcesBuildPhase section */

/* Begin PBXShellScriptBuildPhase section */
		2DC75DD34C78772983E2816F /* [CP] Embed Pods Frameworks */ = {
			isa = PBXShellScriptBuildPhase;
			buildActionMask = 2147483647;
			files = (
			);
			inputFileListPaths = (
				"${PODS_ROOT}/Target Support Files/Pods-YourCloset/Pods-YourCloset-frameworks-${CONFIGURATION}-input-files.xcfilelist",
			);
			name = "[CP] Embed Pods Frameworks";
			outputFileListPaths = (
				"${PODS_ROOT}/Target Support Files/Pods-YourCloset/Pods-YourCloset-frameworks-${CONFIGURATION}-output-files.xcfilelist",
			);
			runOnlyForDeploymentPostprocessing = 0;
			shellPath = /bin/sh;
			shellScript = "\"${PODS_ROOT}/Target Support Files/Pods-YourCloset/Pods-YourCloset-frameworks.sh\"\n";
			showEnvVarsInLog = 0;
		};
		497781D046F8E7CE62443670 /* [CP] Check Pods Manifest.lock */ = {
			isa = PBXShellScriptBuildPhase;
			buildActionMask = 2147483647;
			files = (
			);
			inputFileListPaths = (
			);
			inputPaths = (
				"${PODS_PODFILE_DIR_PATH}/Podfile.lock",
				"${PODS_ROOT}/Manifest.lock",
			);
			name = "[CP] Check Pods Manifest.lock";
			outputFileListPaths = (
			);
			outputPaths = (
				"$(DERIVED_FILE_DIR)/Pods-YourCloset-checkManifestLockResult.txt",
			);
			runOnlyForDeploymentPostprocessing = 0;
			shellPath = /bin/sh;
			shellScript = "diff \"${PODS_PODFILE_DIR_PATH}/Podfile.lock\" \"${PODS_ROOT}/Manifest.lock\" > /dev/null\nif [ $? != 0 ] ; then\n    # print error to STDERR\n    echo \"error: The sandbox is not in sync with the Podfile.lock. Run 'pod install' or update your CocoaPods installation.\" >&2\n    exit 1\nfi\n# This output is used by Xcode 'outputs' to avoid re-running this script phase.\necho \"SUCCESS\" > \"${SCRIPT_OUTPUT_FILE_0}\"\n";
			showEnvVarsInLog = 0;
		};
/* End PBXShellScriptBuildPhase section */

/* Begin PBXSourcesBuildPhase section */
		128D435228D0F1AE003C86BA /* Sources */ = {
			isa = PBXSourcesBuildPhase;
			buildActionMask = 2147483647;
			files = (
				1235FC0A28DC150700531AFF /* ItemDetailTableHeaderView.swift in Sources */,
				120AAC9928D40D89000B3E8B /* ItemDetailPageViewController.swift in Sources */,
				12767FB028D777B500E4D58F /* StoreItemTableViewCell2.swift in Sources */,
				128D435E28D0F1AE003C86BA /* ViewController.swift in Sources */,
				125D8E0728DE188C000EC37A /* CheckBoxButton.swift in Sources */,
				12038D3D28D264A4005D6DD7 /* ListToBuyTopView.swift in Sources */,
				12CF538728D8EA5D001BF159 /* AddGroupViewController.swift in Sources */,
				120AAC9328D3F5DC000B3E8B /* ProfileViewController.swift in Sources */,
				124F682128D61FB500FFC9C2 /* Item.swift in Sources */,
				1222B27728D2190D0051210B /* SettingTopView.swift in Sources */,
				12038D4228D27998005D6DD7 /* ItemDetailViewController.swift in Sources */,
				12767FAE28D74D2900E4D58F /* StoreItemToBuyViewController.swift in Sources */,
				1222B27928D21C010051210B /* SettingTableViewCell.swift in Sources */,
				1245C29128DA47F6003449D2 /* AddItemTableViewCell2.swift in Sources */,
				128D436F28D0F5B5003C86BA /* BaseViewController.swift in Sources */,
				1245C28F28DA47EC003449D2 /* AddItemTableViewCell1.swift in Sources */,
				128D437528D0F929003C86BA /* BaseView.swift in Sources */,
				1245C28428DA21A4003449D2 /* AddItemViewController.swift in Sources */,
				120AAC9128D3E664000B3E8B /* ProjectColor.swift in Sources */,
				128D438D28D11E0F003C86BA /* TabBarController.swift in Sources */,
				128D438828D11CBB003C86BA /* SettingViewController.swift in Sources */,
				1222B27328D20F6A0051210B /* BaseTableViewCell.swift in Sources */,
				12038D3F28D26ABA005D6DD7 /* ListToBuyTableViewCell.swift in Sources */,
				12CF538928D8EA77001BF159 /* AddGroupView.swift in Sources */,
				128D437728D0F9A6003C86BA /* MainViewController.swift in Sources */,
				1245C28B28DA2D4A003449D2 /* AddItemTopView.swift in Sources */,
				120AAC9728D40BF7000B3E8B /* ItemDetailPageView.swift in Sources */,
				128D435A28D0F1AE003C86BA /* AppDelegate.swift in Sources */,
				128D437E28D0FCB2003C86BA /* MainTopView.swift in Sources */,
				124F682328D6219300FFC9C2 /* ItemRepository.swift in Sources */,
				1245C29928DA5777003449D2 /* Group.swift in Sources */,
				128D435C28D0F1AE003C86BA /* SceneDelegate.swift in Sources */,
				1222B27528D20FCB0051210B /* MainTableViewCell.swift in Sources */,
				12C6C1B728D7D90000606FDD /* StoreItemTableViewCell1.swift in Sources */,
				1235FC0828DC145700531AFF /* BaseTableViewHeaderFooterView.swift in Sources */,
				12C6C1B928D7DCD000606FDD /* DropDownView.swift in Sources */,
				1245C29B28DA5898003449D2 /* GroupRepository.swift in Sources */,
				1245C29328DA47FD003449D2 /* AddItemTableViewCell3.swift in Sources */,
				12038D4428D27A33005D6DD7 /* ItemDetailTopView.swift in Sources */,
				120AAC9528D4090E000B3E8B /* ItemDetailTableViewCell.swift in Sources */,
				128D438A28D11CDC003C86BA /* ListToBuyViewController.swift in Sources */,
			);
			runOnlyForDeploymentPostprocessing = 0;
		};
/* End PBXSourcesBuildPhase section */

/* Begin PBXVariantGroup section */
		128D435F28D0F1AE003C86BA /* Main.storyboard */ = {
			isa = PBXVariantGroup;
			children = (
				128D436028D0F1AE003C86BA /* Base */,
			);
			name = Main.storyboard;
			sourceTree = "<group>";
		};
		128D436428D0F1B0003C86BA /* LaunchScreen.storyboard */ = {
			isa = PBXVariantGroup;
			children = (
				128D436528D0F1B0003C86BA /* Base */,
			);
			name = LaunchScreen.storyboard;
			sourceTree = "<group>";
		};
/* End PBXVariantGroup section */

/* Begin XCBuildConfiguration section */
		128D436828D0F1B0003C86BA /* Debug */ = {
			isa = XCBuildConfiguration;
			buildSettings = {
				ALWAYS_SEARCH_USER_PATHS = NO;
				CLANG_ANALYZER_NONNULL = YES;
				CLANG_ANALYZER_NUMBER_OBJECT_CONVERSION = YES_AGGRESSIVE;
				CLANG_CXX_LANGUAGE_STANDARD = "gnu++17";
				CLANG_ENABLE_MODULES = YES;
				CLANG_ENABLE_OBJC_ARC = YES;
				CLANG_ENABLE_OBJC_WEAK = YES;
				CLANG_WARN_BLOCK_CAPTURE_AUTORELEASING = YES;
				CLANG_WARN_BOOL_CONVERSION = YES;
				CLANG_WARN_COMMA = YES;
				CLANG_WARN_CONSTANT_CONVERSION = YES;
				CLANG_WARN_DEPRECATED_OBJC_IMPLEMENTATIONS = YES;
				CLANG_WARN_DIRECT_OBJC_ISA_USAGE = YES_ERROR;
				CLANG_WARN_DOCUMENTATION_COMMENTS = YES;
				CLANG_WARN_EMPTY_BODY = YES;
				CLANG_WARN_ENUM_CONVERSION = YES;
				CLANG_WARN_INFINITE_RECURSION = YES;
				CLANG_WARN_INT_CONVERSION = YES;
				CLANG_WARN_NON_LITERAL_NULL_CONVERSION = YES;
				CLANG_WARN_OBJC_IMPLICIT_RETAIN_SELF = YES;
				CLANG_WARN_OBJC_LITERAL_CONVERSION = YES;
				CLANG_WARN_OBJC_ROOT_CLASS = YES_ERROR;
				CLANG_WARN_QUOTED_INCLUDE_IN_FRAMEWORK_HEADER = YES;
				CLANG_WARN_RANGE_LOOP_ANALYSIS = YES;
				CLANG_WARN_STRICT_PROTOTYPES = YES;
				CLANG_WARN_SUSPICIOUS_MOVE = YES;
				CLANG_WARN_UNGUARDED_AVAILABILITY = YES_AGGRESSIVE;
				CLANG_WARN_UNREACHABLE_CODE = YES;
				CLANG_WARN__DUPLICATE_METHOD_MATCH = YES;
				COPY_PHASE_STRIP = NO;
				DEBUG_INFORMATION_FORMAT = dwarf;
				ENABLE_STRICT_OBJC_MSGSEND = YES;
				ENABLE_TESTABILITY = YES;
				GCC_C_LANGUAGE_STANDARD = gnu11;
				GCC_DYNAMIC_NO_PIC = NO;
				GCC_NO_COMMON_BLOCKS = YES;
				GCC_OPTIMIZATION_LEVEL = 0;
				GCC_PREPROCESSOR_DEFINITIONS = (
					"DEBUG=1",
					"$(inherited)",
				);
				GCC_WARN_64_TO_32_BIT_CONVERSION = YES;
				GCC_WARN_ABOUT_RETURN_TYPE = YES_ERROR;
				GCC_WARN_UNDECLARED_SELECTOR = YES;
				GCC_WARN_UNINITIALIZED_AUTOS = YES_AGGRESSIVE;
				GCC_WARN_UNUSED_FUNCTION = YES;
				GCC_WARN_UNUSED_VARIABLE = YES;
				INFOPLIST_KEY_CFBundleDisplayName = "너의 옷장은";
				IPHONEOS_DEPLOYMENT_TARGET = 15.5;
				MTL_ENABLE_DEBUG_INFO = INCLUDE_SOURCE;
				MTL_FAST_MATH = YES;
				ONLY_ACTIVE_ARCH = YES;
				SDKROOT = iphoneos;
				SWIFT_ACTIVE_COMPILATION_CONDITIONS = DEBUG;
				SWIFT_OPTIMIZATION_LEVEL = "-Onone";
			};
			name = Debug;
		};
		128D436928D0F1B0003C86BA /* Release */ = {
			isa = XCBuildConfiguration;
			buildSettings = {
				ALWAYS_SEARCH_USER_PATHS = NO;
				CLANG_ANALYZER_NONNULL = YES;
				CLANG_ANALYZER_NUMBER_OBJECT_CONVERSION = YES_AGGRESSIVE;
				CLANG_CXX_LANGUAGE_STANDARD = "gnu++17";
				CLANG_ENABLE_MODULES = YES;
				CLANG_ENABLE_OBJC_ARC = YES;
				CLANG_ENABLE_OBJC_WEAK = YES;
				CLANG_WARN_BLOCK_CAPTURE_AUTORELEASING = YES;
				CLANG_WARN_BOOL_CONVERSION = YES;
				CLANG_WARN_COMMA = YES;
				CLANG_WARN_CONSTANT_CONVERSION = YES;
				CLANG_WARN_DEPRECATED_OBJC_IMPLEMENTATIONS = YES;
				CLANG_WARN_DIRECT_OBJC_ISA_USAGE = YES_ERROR;
				CLANG_WARN_DOCUMENTATION_COMMENTS = YES;
				CLANG_WARN_EMPTY_BODY = YES;
				CLANG_WARN_ENUM_CONVERSION = YES;
				CLANG_WARN_INFINITE_RECURSION = YES;
				CLANG_WARN_INT_CONVERSION = YES;
				CLANG_WARN_NON_LITERAL_NULL_CONVERSION = YES;
				CLANG_WARN_OBJC_IMPLICIT_RETAIN_SELF = YES;
				CLANG_WARN_OBJC_LITERAL_CONVERSION = YES;
				CLANG_WARN_OBJC_ROOT_CLASS = YES_ERROR;
				CLANG_WARN_QUOTED_INCLUDE_IN_FRAMEWORK_HEADER = YES;
				CLANG_WARN_RANGE_LOOP_ANALYSIS = YES;
				CLANG_WARN_STRICT_PROTOTYPES = YES;
				CLANG_WARN_SUSPICIOUS_MOVE = YES;
				CLANG_WARN_UNGUARDED_AVAILABILITY = YES_AGGRESSIVE;
				CLANG_WARN_UNREACHABLE_CODE = YES;
				CLANG_WARN__DUPLICATE_METHOD_MATCH = YES;
				COPY_PHASE_STRIP = NO;
				DEBUG_INFORMATION_FORMAT = "dwarf-with-dsym";
				ENABLE_NS_ASSERTIONS = NO;
				ENABLE_STRICT_OBJC_MSGSEND = YES;
				GCC_C_LANGUAGE_STANDARD = gnu11;
				GCC_NO_COMMON_BLOCKS = YES;
				GCC_WARN_64_TO_32_BIT_CONVERSION = YES;
				GCC_WARN_ABOUT_RETURN_TYPE = YES_ERROR;
				GCC_WARN_UNDECLARED_SELECTOR = YES;
				GCC_WARN_UNINITIALIZED_AUTOS = YES_AGGRESSIVE;
				GCC_WARN_UNUSED_FUNCTION = YES;
				GCC_WARN_UNUSED_VARIABLE = YES;
				INFOPLIST_KEY_CFBundleDisplayName = "너의 옷장은";
				IPHONEOS_DEPLOYMENT_TARGET = 15.5;
				MTL_ENABLE_DEBUG_INFO = NO;
				MTL_FAST_MATH = YES;
				SDKROOT = iphoneos;
				SWIFT_COMPILATION_MODE = wholemodule;
				SWIFT_OPTIMIZATION_LEVEL = "-O";
				VALIDATE_PRODUCT = YES;
			};
			name = Release;
		};
		128D436B28D0F1B0003C86BA /* Debug */ = {
			isa = XCBuildConfiguration;
			baseConfigurationReference = 19D1FAD9E17930F241E75AEF /* Pods-YourCloset.debug.xcconfig */;
			buildSettings = {
				ASSETCATALOG_COMPILER_APPICON_NAME = AppIcon;
				ASSETCATALOG_COMPILER_GLOBAL_ACCENT_COLOR_NAME = AccentColor;
				CODE_SIGN_STYLE = Automatic;
				CURRENT_PROJECT_VERSION = 1;
				DEVELOPMENT_TEAM = 9QNSJTHSUQ;
				GENERATE_INFOPLIST_FILE = YES;
				INFOPLIST_FILE = YourCloset/Info.plist;
				INFOPLIST_KEY_UIApplicationSupportsIndirectInputEvents = YES;
				INFOPLIST_KEY_UILaunchStoryboardName = LaunchScreen;
				INFOPLIST_KEY_UIMainStoryboardFile = Main;
				INFOPLIST_KEY_UISupportedInterfaceOrientations_iPad = "UIInterfaceOrientationPortrait UIInterfaceOrientationPortraitUpsideDown UIInterfaceOrientationLandscapeLeft UIInterfaceOrientationLandscapeRight";
				INFOPLIST_KEY_UISupportedInterfaceOrientations_iPhone = "UIInterfaceOrientationPortrait UIInterfaceOrientationLandscapeLeft UIInterfaceOrientationLandscapeRight";
				IPHONEOS_DEPLOYMENT_TARGET = 15.5;
				LD_RUNPATH_SEARCH_PATHS = (
					"$(inherited)",
					"@executable_path/Frameworks",
				);
				MARKETING_VERSION = 1.0;
				PRODUCT_BUNDLE_IDENTIFIER = com.joongwon.YourCloset;
				PRODUCT_NAME = "$(TARGET_NAME)";
				SWIFT_EMIT_LOC_STRINGS = YES;
				SWIFT_VERSION = 5.0;
				TARGETED_DEVICE_FAMILY = 1;
			};
			name = Debug;
		};
		128D436C28D0F1B0003C86BA /* Release */ = {
			isa = XCBuildConfiguration;
			baseConfigurationReference = 7FF4E97C996567F681BA36D7 /* Pods-YourCloset.release.xcconfig */;
			buildSettings = {
				ASSETCATALOG_COMPILER_APPICON_NAME = AppIcon;
				ASSETCATALOG_COMPILER_GLOBAL_ACCENT_COLOR_NAME = AccentColor;
				CODE_SIGN_STYLE = Automatic;
				CURRENT_PROJECT_VERSION = 1;
				DEVELOPMENT_TEAM = 9QNSJTHSUQ;
				GENERATE_INFOPLIST_FILE = YES;
				INFOPLIST_FILE = YourCloset/Info.plist;
				INFOPLIST_KEY_UIApplicationSupportsIndirectInputEvents = YES;
				INFOPLIST_KEY_UILaunchStoryboardName = LaunchScreen;
				INFOPLIST_KEY_UIMainStoryboardFile = Main;
				INFOPLIST_KEY_UISupportedInterfaceOrientations_iPad = "UIInterfaceOrientationPortrait UIInterfaceOrientationPortraitUpsideDown UIInterfaceOrientationLandscapeLeft UIInterfaceOrientationLandscapeRight";
				INFOPLIST_KEY_UISupportedInterfaceOrientations_iPhone = "UIInterfaceOrientationPortrait UIInterfaceOrientationLandscapeLeft UIInterfaceOrientationLandscapeRight";
				IPHONEOS_DEPLOYMENT_TARGET = 15.5;
				LD_RUNPATH_SEARCH_PATHS = (
					"$(inherited)",
					"@executable_path/Frameworks",
				);
				MARKETING_VERSION = 1.0;
				PRODUCT_BUNDLE_IDENTIFIER = com.joongwon.YourCloset;
				PRODUCT_NAME = "$(TARGET_NAME)";
				SWIFT_EMIT_LOC_STRINGS = YES;
				SWIFT_VERSION = 5.0;
				TARGETED_DEVICE_FAMILY = 1;
			};
			name = Release;
		};
/* End XCBuildConfiguration section */

/* Begin XCConfigurationList section */
		128D435128D0F1AE003C86BA /* Build configuration list for PBXProject "YourCloset" */ = {
			isa = XCConfigurationList;
			buildConfigurations = (
				128D436828D0F1B0003C86BA /* Debug */,
				128D436928D0F1B0003C86BA /* Release */,
			);
			defaultConfigurationIsVisible = 0;
			defaultConfigurationName = Release;
		};
		128D436A28D0F1B0003C86BA /* Build configuration list for PBXNativeTarget "YourCloset" */ = {
			isa = XCConfigurationList;
			buildConfigurations = (
				128D436B28D0F1B0003C86BA /* Debug */,
				128D436C28D0F1B0003C86BA /* Release */,
			);
			defaultConfigurationIsVisible = 0;
			defaultConfigurationName = Release;
		};
/* End XCConfigurationList section */

/* Begin XCRemoteSwiftPackageReference section */
		124F681A28D61F1300FFC9C2 /* XCRemoteSwiftPackageReference "realm-swift" */ = {
			isa = XCRemoteSwiftPackageReference;
			repositoryURL = "https://github.com/realm/realm-swift.git";
			requirement = {
				kind = upToNextMajorVersion;
				minimumVersion = 10.28.6;
			};
		};
		12767FA428D7419700E4D58F /* XCRemoteSwiftPackageReference "Toast-Swift" */ = {
			isa = XCRemoteSwiftPackageReference;
			repositoryURL = "https://github.com/scalessec/Toast-Swift.git";
			requirement = {
				kind = upToNextMajorVersion;
				minimumVersion = 5.0.0;
			};
		};
		128D437F28D11875003C86BA /* XCRemoteSwiftPackageReference "SnapKit" */ = {
			isa = XCRemoteSwiftPackageReference;
			repositoryURL = "https://github.com/SnapKit/SnapKit.git";
			requirement = {
				kind = upToNextMajorVersion;
				minimumVersion = 5.0.0;
			};
		};
/* End XCRemoteSwiftPackageReference section */

/* Begin XCSwiftPackageProductDependency section */
		124F681B28D61F1300FFC9C2 /* Realm */ = {
			isa = XCSwiftPackageProductDependency;
			package = 124F681A28D61F1300FFC9C2 /* XCRemoteSwiftPackageReference "realm-swift" */;
			productName = Realm;
		};
		124F681D28D61F1300FFC9C2 /* RealmSwift */ = {
			isa = XCSwiftPackageProductDependency;
			package = 124F681A28D61F1300FFC9C2 /* XCRemoteSwiftPackageReference "realm-swift" */;
			productName = RealmSwift;
		};
		12767FA528D7419700E4D58F /* Toast */ = {
			isa = XCSwiftPackageProductDependency;
			package = 12767FA428D7419700E4D58F /* XCRemoteSwiftPackageReference "Toast-Swift" */;
			productName = Toast;
		};
		128D438028D11875003C86BA /* SnapKit */ = {
			isa = XCSwiftPackageProductDependency;
			package = 128D437F28D11875003C86BA /* XCRemoteSwiftPackageReference "SnapKit" */;
			productName = SnapKit;
		};
/* End XCSwiftPackageProductDependency section */
	};
	rootObject = 128D434E28D0F1AE003C86BA /* Project object */;
}
