// !$*UTF8*$!
{
	archiveVersion = 1;
	classes = {
	};
	objectVersion = 55;
	objects = {

/* Begin PBXBuildFile section */
		128D435A28D0F1AE003C86BA /* AppDelegate.swift in Sources */ = {isa = PBXBuildFile; fileRef = 128D435928D0F1AE003C86BA /* AppDelegate.swift */; };
		128D435C28D0F1AE003C86BA /* SceneDelegate.swift in Sources */ = {isa = PBXBuildFile; fileRef = 128D435B28D0F1AE003C86BA /* SceneDelegate.swift */; };
		128D435E28D0F1AE003C86BA /* ViewController.swift in Sources */ = {isa = PBXBuildFile; fileRef = 128D435D28D0F1AE003C86BA /* ViewController.swift */; };
		128D436128D0F1AE003C86BA /* Main.storyboard in Resources */ = {isa = PBXBuildFile; fileRef = 128D435F28D0F1AE003C86BA /* Main.storyboard */; };
		128D436328D0F1B0003C86BA /* Assets.xcassets in Resources */ = {isa = PBXBuildFile; fileRef = 128D436228D0F1B0003C86BA /* Assets.xcassets */; };
		128D436628D0F1B0003C86BA /* LaunchScreen.storyboard in Resources */ = {isa = PBXBuildFile; fileRef = 128D436428D0F1B0003C86BA /* LaunchScreen.storyboard */; };
		128D436F28D0F5B5003C86BA /* BaseViewController.swift in Sources */ = {isa = PBXBuildFile; fileRef = 128D436E28D0F5B5003C86BA /* BaseViewController.swift */; };
		128D437528D0F929003C86BA /* BaseView.swift in Sources */ = {isa = PBXBuildFile; fileRef = 128D437428D0F929003C86BA /* BaseView.swift */; };
		128D437728D0F9A6003C86BA /* MainViewController.swift in Sources */ = {isa = PBXBuildFile; fileRef = 128D437628D0F9A6003C86BA /* MainViewController.swift */; };
		128D437E28D0FCB2003C86BA /* MainTopView.swift in Sources */ = {isa = PBXBuildFile; fileRef = 128D437D28D0FCB2003C86BA /* MainTopView.swift */; };
		128D438128D11875003C86BA /* SnapKit in Frameworks */ = {isa = PBXBuildFile; productRef = 128D438028D11875003C86BA /* SnapKit */; };
		128D438828D11CBB003C86BA /* SettingViewController.swift in Sources */ = {isa = PBXBuildFile; fileRef = 128D438728D11CBB003C86BA /* SettingViewController.swift */; };
		128D438A28D11CDC003C86BA /* ListToBuyViewController.swift in Sources */ = {isa = PBXBuildFile; fileRef = 128D438928D11CDC003C86BA /* ListToBuyViewController.swift */; };
		128D438D28D11E0F003C86BA /* TabBarController.swift in Sources */ = {isa = PBXBuildFile; fileRef = 128D438C28D11E0F003C86BA /* TabBarController.swift */; };
/* End PBXBuildFile section */

/* Begin PBXCopyFilesBuildPhase section */
		128D438528D118CB003C86BA /* Embed Frameworks */ = {
			isa = PBXCopyFilesBuildPhase;
			buildActionMask = 2147483647;
			dstPath = "";
			dstSubfolderSpec = 10;
			files = (
			);
			name = "Embed Frameworks";
			runOnlyForDeploymentPostprocessing = 0;
		};
/* End PBXCopyFilesBuildPhase section */

/* Begin PBXFileReference section */
		128D435628D0F1AE003C86BA /* YourCloset.app */ = {isa = PBXFileReference; explicitFileType = wrapper.application; includeInIndex = 0; path = YourCloset.app; sourceTree = BUILT_PRODUCTS_DIR; };
		128D435928D0F1AE003C86BA /* AppDelegate.swift */ = {isa = PBXFileReference; lastKnownFileType = sourcecode.swift; path = AppDelegate.swift; sourceTree = "<group>"; };
		128D435B28D0F1AE003C86BA /* SceneDelegate.swift */ = {isa = PBXFileReference; lastKnownFileType = sourcecode.swift; path = SceneDelegate.swift; sourceTree = "<group>"; };
		128D435D28D0F1AE003C86BA /* ViewController.swift */ = {isa = PBXFileReference; lastKnownFileType = sourcecode.swift; path = ViewController.swift; sourceTree = "<group>"; };
		128D436028D0F1AE003C86BA /* Base */ = {isa = PBXFileReference; lastKnownFileType = file.storyboard; name = Base; path = Base.lproj/Main.storyboard; sourceTree = "<group>"; };
		128D436228D0F1B0003C86BA /* Assets.xcassets */ = {isa = PBXFileReference; lastKnownFileType = folder.assetcatalog; path = Assets.xcassets; sourceTree = "<group>"; };
		128D436528D0F1B0003C86BA /* Base */ = {isa = PBXFileReference; lastKnownFileType = file.storyboard; name = Base; path = Base.lproj/LaunchScreen.storyboard; sourceTree = "<group>"; };
		128D436728D0F1B0003C86BA /* Info.plist */ = {isa = PBXFileReference; lastKnownFileType = text.plist.xml; path = Info.plist; sourceTree = "<group>"; };
		128D436E28D0F5B5003C86BA /* BaseViewController.swift */ = {isa = PBXFileReference; lastKnownFileType = sourcecode.swift; path = BaseViewController.swift; sourceTree = "<group>"; };
		128D437428D0F929003C86BA /* BaseView.swift */ = {isa = PBXFileReference; lastKnownFileType = sourcecode.swift; path = BaseView.swift; sourceTree = "<group>"; };
		128D437628D0F9A6003C86BA /* MainViewController.swift */ = {isa = PBXFileReference; lastKnownFileType = sourcecode.swift; path = MainViewController.swift; sourceTree = "<group>"; };
		128D437D28D0FCB2003C86BA /* MainTopView.swift */ = {isa = PBXFileReference; lastKnownFileType = sourcecode.swift; path = MainTopView.swift; sourceTree = "<group>"; };
		128D438728D11CBB003C86BA /* SettingViewController.swift */ = {isa = PBXFileReference; lastKnownFileType = sourcecode.swift; path = SettingViewController.swift; sourceTree = "<group>"; };
		128D438928D11CDC003C86BA /* ListToBuyViewController.swift */ = {isa = PBXFileReference; lastKnownFileType = sourcecode.swift; path = ListToBuyViewController.swift; sourceTree = "<group>"; };
		128D438C28D11E0F003C86BA /* TabBarController.swift */ = {isa = PBXFileReference; lastKnownFileType = sourcecode.swift; path = TabBarController.swift; sourceTree = "<group>"; };
/* End PBXFileReference section */

/* Begin PBXFrameworksBuildPhase section */
		128D435328D0F1AE003C86BA /* Frameworks */ = {
			isa = PBXFrameworksBuildPhase;
			buildActionMask = 2147483647;
			files = (
				128D438128D11875003C86BA /* SnapKit in Frameworks */,
			);
			runOnlyForDeploymentPostprocessing = 0;
		};
/* End PBXFrameworksBuildPhase section */

/* Begin PBXGroup section */
		128D434D28D0F1AE003C86BA = {
			isa = PBXGroup;
			children = (
				128D435828D0F1AE003C86BA /* YourCloset */,
				128D435728D0F1AE003C86BA /* Products */,
			);
			sourceTree = "<group>";
		};
		128D435728D0F1AE003C86BA /* Products */ = {
			isa = PBXGroup;
			children = (
				128D435628D0F1AE003C86BA /* YourCloset.app */,
			);
			name = Products;
			sourceTree = "<group>";
		};
		128D435828D0F1AE003C86BA /* YourCloset */ = {
			isa = PBXGroup;
			children = (
				128D437328D0F847003C86BA /* SettingScreen */,
				128D437228D0F7AD003C86BA /* ListToBuyScreen */,
				128D437128D0F770003C86BA /* ClothesDetailScreen */,
				128D437028D0F76A003C86BA /* MainScreen */,
				128D436D28D0F594003C86BA /* Base */,
				128D435928D0F1AE003C86BA /* AppDelegate.swift */,
				128D435B28D0F1AE003C86BA /* SceneDelegate.swift */,
				128D435D28D0F1AE003C86BA /* ViewController.swift */,
				128D435F28D0F1AE003C86BA /* Main.storyboard */,
				128D436228D0F1B0003C86BA /* Assets.xcassets */,
				128D436428D0F1B0003C86BA /* LaunchScreen.storyboard */,
				128D436728D0F1B0003C86BA /* Info.plist */,
				128D438C28D11E0F003C86BA /* TabBarController.swift */,
			);
			path = YourCloset;
			sourceTree = "<group>";
		};
		128D436D28D0F594003C86BA /* Base */ = {
			isa = PBXGroup;
			children = (
				128D436E28D0F5B5003C86BA /* BaseViewController.swift */,
				128D437428D0F929003C86BA /* BaseView.swift */,
			);
			path = Base;
			sourceTree = "<group>";
		};
		128D437028D0F76A003C86BA /* MainScreen */ = {
			isa = PBXGroup;
			children = (
				128D437628D0F9A6003C86BA /* MainViewController.swift */,
				128D437D28D0FCB2003C86BA /* MainTopView.swift */,
			);
			path = MainScreen;
			sourceTree = "<group>";
		};
		128D437128D0F770003C86BA /* ClothesDetailScreen */ = {
			isa = PBXGroup;
			children = (
			);
			path = ClothesDetailScreen;
			sourceTree = "<group>";
		};
		128D437228D0F7AD003C86BA /* ListToBuyScreen */ = {
			isa = PBXGroup;
			children = (
				128D438928D11CDC003C86BA /* ListToBuyViewController.swift */,
			);
			path = ListToBuyScreen;
			sourceTree = "<group>";
		};
		128D437328D0F847003C86BA /* SettingScreen */ = {
			isa = PBXGroup;
			children = (
				128D438728D11CBB003C86BA /* SettingViewController.swift */,
			);
			path = SettingScreen;
			sourceTree = "<group>";
		};
/* End PBXGroup section */

/* Begin PBXNativeTarget section */
		128D435528D0F1AE003C86BA /* YourCloset */ = {
			isa = PBXNativeTarget;
			buildConfigurationList = 128D436A28D0F1B0003C86BA /* Build configuration list for PBXNativeTarget "YourCloset" */;
			buildPhases = (
				128D435228D0F1AE003C86BA /* Sources */,
				128D435328D0F1AE003C86BA /* Frameworks */,
				128D435428D0F1AE003C86BA /* Resources */,
				128D438528D118CB003C86BA /* Embed Frameworks */,
			);
			buildRules = (
			);
			dependencies = (
			);
			name = YourCloset;
			packageProductDependencies = (
				128D438028D11875003C86BA /* SnapKit */,
			);
			productName = YourCloset;
			productReference = 128D435628D0F1AE003C86BA /* YourCloset.app */;
			productType = "com.apple.product-type.application";
		};
/* End PBXNativeTarget section */

/* Begin PBXProject section */
		128D434E28D0F1AE003C86BA /* Project object */ = {
			isa = PBXProject;
			attributes = {
				BuildIndependentTargetsInParallel = 1;
				LastSwiftUpdateCheck = 1340;
				LastUpgradeCheck = 1340;
				TargetAttributes = {
					128D435528D0F1AE003C86BA = {
						CreatedOnToolsVersion = 13.4.1;
					};
				};
			};
			buildConfigurationList = 128D435128D0F1AE003C86BA /* Build configuration list for PBXProject "YourCloset" */;
			compatibilityVersion = "Xcode 13.0";
			developmentRegion = en;
			hasScannedForEncodings = 0;
			knownRegions = (
				en,
				Base,
			);
			mainGroup = 128D434D28D0F1AE003C86BA;
			packageReferences = (
				128D437F28D11875003C86BA /* XCRemoteSwiftPackageReference "SnapKit" */,
			);
			productRefGroup = 128D435728D0F1AE003C86BA /* Products */;
			projectDirPath = "";
			projectRoot = "";
			targets = (
				128D435528D0F1AE003C86BA /* YourCloset */,
			);
		};
/* End PBXProject section */

/* Begin PBXResourcesBuildPhase section */
		128D435428D0F1AE003C86BA /* Resources */ = {
			isa = PBXResourcesBuildPhase;
			buildActionMask = 2147483647;
			files = (
				128D436628D0F1B0003C86BA /* LaunchScreen.storyboard in Resources */,
				128D436328D0F1B0003C86BA /* Assets.xcassets in Resources */,
				128D436128D0F1AE003C86BA /* Main.storyboard in Resources */,
			);
			runOnlyForDeploymentPostprocessing = 0;
		};
/* End PBXResourcesBuildPhase section */

/* Begin PBXSourcesBuildPhase section */
		128D435228D0F1AE003C86BA /* Sources */ = {
			isa = PBXSourcesBuildPhase;
			buildActionMask = 2147483647;
			files = (
				128D435E28D0F1AE003C86BA /* ViewController.swift in Sources */,
				128D436F28D0F5B5003C86BA /* BaseViewController.swift in Sources */,
				128D437528D0F929003C86BA /* BaseView.swift in Sources */,
				128D438D28D11E0F003C86BA /* TabBarController.swift in Sources */,
				128D438828D11CBB003C86BA /* SettingViewController.swift in Sources */,
				128D437728D0F9A6003C86BA /* MainViewController.swift in Sources */,
				128D435A28D0F1AE003C86BA /* AppDelegate.swift in Sources */,
				128D437E28D0FCB2003C86BA /* MainTopView.swift in Sources */,
				128D435C28D0F1AE003C86BA /* SceneDelegate.swift in Sources */,
				128D438A28D11CDC003C86BA /* ListToBuyViewController.swift in Sources */,
			);
			runOnlyForDeploymentPostprocessing = 0;
		};
/* End PBXSourcesBuildPhase section */

/* Begin PBXVariantGroup section */
		128D435F28D0F1AE003C86BA /* Main.storyboard */ = {
			isa = PBXVariantGroup;
			children = (
				128D436028D0F1AE003C86BA /* Base */,
			);
			name = Main.storyboard;
			sourceTree = "<group>";
		};
		128D436428D0F1B0003C86BA /* LaunchScreen.storyboard */ = {
			isa = PBXVariantGroup;
			children = (
				128D436528D0F1B0003C86BA /* Base */,
			);
			name = LaunchScreen.storyboard;
			sourceTree = "<group>";
		};
/* End PBXVariantGroup section */

/* Begin XCBuildConfiguration section */
		128D436828D0F1B0003C86BA /* Debug */ = {
			isa = XCBuildConfiguration;
			buildSettings = {
				ALWAYS_SEARCH_USER_PATHS = NO;
				CLANG_ANALYZER_NONNULL = YES;
				CLANG_ANALYZER_NUMBER_OBJECT_CONVERSION = YES_AGGRESSIVE;
				CLANG_CXX_LANGUAGE_STANDARD = "gnu++17";
				CLANG_ENABLE_MODULES = YES;
				CLANG_ENABLE_OBJC_ARC = YES;
				CLANG_ENABLE_OBJC_WEAK = YES;
				CLANG_WARN_BLOCK_CAPTURE_AUTORELEASING = YES;
				CLANG_WARN_BOOL_CONVERSION = YES;
				CLANG_WARN_COMMA = YES;
				CLANG_WARN_CONSTANT_CONVERSION = YES;
				CLANG_WARN_DEPRECATED_OBJC_IMPLEMENTATIONS = YES;
				CLANG_WARN_DIRECT_OBJC_ISA_USAGE = YES_ERROR;
				CLANG_WARN_DOCUMENTATION_COMMENTS = YES;
				CLANG_WARN_EMPTY_BODY = YES;
				CLANG_WARN_ENUM_CONVERSION = YES;
				CLANG_WARN_INFINITE_RECURSION = YES;
				CLANG_WARN_INT_CONVERSION = YES;
				CLANG_WARN_NON_LITERAL_NULL_CONVERSION = YES;
				CLANG_WARN_OBJC_IMPLICIT_RETAIN_SELF = YES;
				CLANG_WARN_OBJC_LITERAL_CONVERSION = YES;
				CLANG_WARN_OBJC_ROOT_CLASS = YES_ERROR;
				CLANG_WARN_QUOTED_INCLUDE_IN_FRAMEWORK_HEADER = YES;
				CLANG_WARN_RANGE_LOOP_ANALYSIS = YES;
				CLANG_WARN_STRICT_PROTOTYPES = YES;
				CLANG_WARN_SUSPICIOUS_MOVE = YES;
				CLANG_WARN_UNGUARDED_AVAILABILITY = YES_AGGRESSIVE;
				CLANG_WARN_UNREACHABLE_CODE = YES;
				CLANG_WARN__DUPLICATE_METHOD_MATCH = YES;
				COPY_PHASE_STRIP = NO;
				DEBUG_INFORMATION_FORMAT = dwarf;
				ENABLE_STRICT_OBJC_MSGSEND = YES;
				ENABLE_TESTABILITY = YES;
				GCC_C_LANGUAGE_STANDARD = gnu11;
				GCC_DYNAMIC_NO_PIC = NO;
				GCC_NO_COMMON_BLOCKS = YES;
				GCC_OPTIMIZATION_LEVEL = 0;
				GCC_PREPROCESSOR_DEFINITIONS = (
					"DEBUG=1",
					"$(inherited)",
				);
				GCC_WARN_64_TO_32_BIT_CONVERSION = YES;
				GCC_WARN_ABOUT_RETURN_TYPE = YES_ERROR;
				GCC_WARN_UNDECLARED_SELECTOR = YES;
				GCC_WARN_UNINITIALIZED_AUTOS = YES_AGGRESSIVE;
				GCC_WARN_UNUSED_FUNCTION = YES;
				GCC_WARN_UNUSED_VARIABLE = YES;
				INFOPLIST_KEY_CFBundleDisplayName = "너의 옷장은";
				IPHONEOS_DEPLOYMENT_TARGET = 15.5;
				MTL_ENABLE_DEBUG_INFO = INCLUDE_SOURCE;
				MTL_FAST_MATH = YES;
				ONLY_ACTIVE_ARCH = YES;
				SDKROOT = iphoneos;
				SWIFT_ACTIVE_COMPILATION_CONDITIONS = DEBUG;
				SWIFT_OPTIMIZATION_LEVEL = "-Onone";
			};
			name = Debug;
		};
		128D436928D0F1B0003C86BA /* Release */ = {
			isa = XCBuildConfiguration;
			buildSettings = {
				ALWAYS_SEARCH_USER_PATHS = NO;
				CLANG_ANALYZER_NONNULL = YES;
				CLANG_ANALYZER_NUMBER_OBJECT_CONVERSION = YES_AGGRESSIVE;
				CLANG_CXX_LANGUAGE_STANDARD = "gnu++17";
				CLANG_ENABLE_MODULES = YES;
				CLANG_ENABLE_OBJC_ARC = YES;
				CLANG_ENABLE_OBJC_WEAK = YES;
				CLANG_WARN_BLOCK_CAPTURE_AUTORELEASING = YES;
				CLANG_WARN_BOOL_CONVERSION = YES;
				CLANG_WARN_COMMA = YES;
				CLANG_WARN_CONSTANT_CONVERSION = YES;
				CLANG_WARN_DEPRECATED_OBJC_IMPLEMENTATIONS = YES;
				CLANG_WARN_DIRECT_OBJC_ISA_USAGE = YES_ERROR;
				CLANG_WARN_DOCUMENTATION_COMMENTS = YES;
				CLANG_WARN_EMPTY_BODY = YES;
				CLANG_WARN_ENUM_CONVERSION = YES;
				CLANG_WARN_INFINITE_RECURSION = YES;
				CLANG_WARN_INT_CONVERSION = YES;
				CLANG_WARN_NON_LITERAL_NULL_CONVERSION = YES;
				CLANG_WARN_OBJC_IMPLICIT_RETAIN_SELF = YES;
				CLANG_WARN_OBJC_LITERAL_CONVERSION = YES;
				CLANG_WARN_OBJC_ROOT_CLASS = YES_ERROR;
				CLANG_WARN_QUOTED_INCLUDE_IN_FRAMEWORK_HEADER = YES;
				CLANG_WARN_RANGE_LOOP_ANALYSIS = YES;
				CLANG_WARN_STRICT_PROTOTYPES = YES;
				CLANG_WARN_SUSPICIOUS_MOVE = YES;
				CLANG_WARN_UNGUARDED_AVAILABILITY = YES_AGGRESSIVE;
				CLANG_WARN_UNREACHABLE_CODE = YES;
				CLANG_WARN__DUPLICATE_METHOD_MATCH = YES;
				COPY_PHASE_STRIP = NO;
				DEBUG_INFORMATION_FORMAT = "dwarf-with-dsym";
				ENABLE_NS_ASSERTIONS = NO;
				ENABLE_STRICT_OBJC_MSGSEND = YES;
				GCC_C_LANGUAGE_STANDARD = gnu11;
				GCC_NO_COMMON_BLOCKS = YES;
				GCC_WARN_64_TO_32_BIT_CONVERSION = YES;
				GCC_WARN_ABOUT_RETURN_TYPE = YES_ERROR;
				GCC_WARN_UNDECLARED_SELECTOR = YES;
				GCC_WARN_UNINITIALIZED_AUTOS = YES_AGGRESSIVE;
				GCC_WARN_UNUSED_FUNCTION = YES;
				GCC_WARN_UNUSED_VARIABLE = YES;
				INFOPLIST_KEY_CFBundleDisplayName = "너의 옷장은";
				IPHONEOS_DEPLOYMENT_TARGET = 15.5;
				MTL_ENABLE_DEBUG_INFO = NO;
				MTL_FAST_MATH = YES;
				SDKROOT = iphoneos;
				SWIFT_COMPILATION_MODE = wholemodule;
				SWIFT_OPTIMIZATION_LEVEL = "-O";
				VALIDATE_PRODUCT = YES;
			};
			name = Release;
		};
		128D436B28D0F1B0003C86BA /* Debug */ = {
			isa = XCBuildConfiguration;
			buildSettings = {
				ASSETCATALOG_COMPILER_APPICON_NAME = AppIcon;
				ASSETCATALOG_COMPILER_GLOBAL_ACCENT_COLOR_NAME = AccentColor;
				CODE_SIGN_STYLE = Automatic;
				CURRENT_PROJECT_VERSION = 1;
				DEVELOPMENT_TEAM = 9QNSJTHSUQ;
				GENERATE_INFOPLIST_FILE = YES;
				INFOPLIST_FILE = YourCloset/Info.plist;
				INFOPLIST_KEY_UIApplicationSupportsIndirectInputEvents = YES;
				INFOPLIST_KEY_UILaunchStoryboardName = LaunchScreen;
				INFOPLIST_KEY_UIMainStoryboardFile = Main;
				INFOPLIST_KEY_UISupportedInterfaceOrientations_iPad = "UIInterfaceOrientationPortrait UIInterfaceOrientationPortraitUpsideDown UIInterfaceOrientationLandscapeLeft UIInterfaceOrientationLandscapeRight";
				INFOPLIST_KEY_UISupportedInterfaceOrientations_iPhone = "UIInterfaceOrientationPortrait UIInterfaceOrientationLandscapeLeft UIInterfaceOrientationLandscapeRight";
				IPHONEOS_DEPLOYMENT_TARGET = 15.5;
				LD_RUNPATH_SEARCH_PATHS = (
					"$(inherited)",
					"@executable_path/Frameworks",
				);
				MARKETING_VERSION = 1.0;
				PRODUCT_BUNDLE_IDENTIFIER = com.joongwon.YourCloset;
				PRODUCT_NAME = "$(TARGET_NAME)";
				SWIFT_EMIT_LOC_STRINGS = YES;
				SWIFT_VERSION = 5.0;
				TARGETED_DEVICE_FAMILY = 1;
			};
			name = Debug;
		};
		128D436C28D0F1B0003C86BA /* Release */ = {
			isa = XCBuildConfiguration;
			buildSettings = {
				ASSETCATALOG_COMPILER_APPICON_NAME = AppIcon;
				ASSETCATALOG_COMPILER_GLOBAL_ACCENT_COLOR_NAME = AccentColor;
				CODE_SIGN_STYLE = Automatic;
				CURRENT_PROJECT_VERSION = 1;
				DEVELOPMENT_TEAM = 9QNSJTHSUQ;
				GENERATE_INFOPLIST_FILE = YES;
				INFOPLIST_FILE = YourCloset/Info.plist;
				INFOPLIST_KEY_UIApplicationSupportsIndirectInputEvents = YES;
				INFOPLIST_KEY_UILaunchStoryboardName = LaunchScreen;
				INFOPLIST_KEY_UIMainStoryboardFile = Main;
				INFOPLIST_KEY_UISupportedInterfaceOrientations_iPad = "UIInterfaceOrientationPortrait UIInterfaceOrientationPortraitUpsideDown UIInterfaceOrientationLandscapeLeft UIInterfaceOrientationLandscapeRight";
				INFOPLIST_KEY_UISupportedInterfaceOrientations_iPhone = "UIInterfaceOrientationPortrait UIInterfaceOrientationLandscapeLeft UIInterfaceOrientationLandscapeRight";
				IPHONEOS_DEPLOYMENT_TARGET = 15.5;
				LD_RUNPATH_SEARCH_PATHS = (
					"$(inherited)",
					"@executable_path/Frameworks",
				);
				MARKETING_VERSION = 1.0;
				PRODUCT_BUNDLE_IDENTIFIER = com.joongwon.YourCloset;
				PRODUCT_NAME = "$(TARGET_NAME)";
				SWIFT_EMIT_LOC_STRINGS = YES;
				SWIFT_VERSION = 5.0;
				TARGETED_DEVICE_FAMILY = 1;
			};
			name = Release;
		};
/* End XCBuildConfiguration section */

/* Begin XCConfigurationList section */
		128D435128D0F1AE003C86BA /* Build configuration list for PBXProject "YourCloset" */ = {
			isa = XCConfigurationList;
			buildConfigurations = (
				128D436828D0F1B0003C86BA /* Debug */,
				128D436928D0F1B0003C86BA /* Release */,
			);
			defaultConfigurationIsVisible = 0;
			defaultConfigurationName = Release;
		};
		128D436A28D0F1B0003C86BA /* Build configuration list for PBXNativeTarget "YourCloset" */ = {
			isa = XCConfigurationList;
			buildConfigurations = (
				128D436B28D0F1B0003C86BA /* Debug */,
				128D436C28D0F1B0003C86BA /* Release */,
			);
			defaultConfigurationIsVisible = 0;
			defaultConfigurationName = Release;
		};
/* End XCConfigurationList section */

/* Begin XCRemoteSwiftPackageReference section */
		128D437F28D11875003C86BA /* XCRemoteSwiftPackageReference "SnapKit" */ = {
			isa = XCRemoteSwiftPackageReference;
			repositoryURL = "https://github.com/SnapKit/SnapKit.git";
			requirement = {
				kind = upToNextMajorVersion;
				minimumVersion = 5.0.0;
			};
		};
/* End XCRemoteSwiftPackageReference section */

/* Begin XCSwiftPackageProductDependency section */
		128D438028D11875003C86BA /* SnapKit */ = {
			isa = XCSwiftPackageProductDependency;
			package = 128D437F28D11875003C86BA /* XCRemoteSwiftPackageReference "SnapKit" */;
			productName = SnapKit;
		};
/* End XCSwiftPackageProductDependency section */
	};
	rootObject = 128D434E28D0F1AE003C86BA /* Project object */;
}
